<?xml version="1.0" encoding="utf-8"?>
<Project ToolsVersion="4.0" xmlns="http://schemas.microsoft.com/developer/msbuild/2003">
  <ItemGroup>
    <None Include="packages.config" />
  </ItemGroup>
  <ItemGroup>
    <ClCompile Include="main.cpp" />
    <ClCompile Include="Src\Discord.cpp">
      <Filter>Source</Filter>
    </ClCompile>
    <ClCompile Include="Src\Log.cpp">
      <Filter>Source</Filter>
    </ClCompile>
    <ClCompile Include="Src\Globals.cpp">
      <Filter>Source</Filter>
    </ClCompile>
    <ClCompile Include="Src\Message\Message.cpp" />
    <ClCompile Include="Src\DiscordVirtuals.cpp" />
    <ClCompile Include="Src\Message\EventArgs\MessageCreateEventArgs.cpp" />
    <ClCompile Include="Src\Message\EventArgs\MessageDeleteEventArgs.cpp" />
    <ClCompile Include="Src\Message\EventArgs\MessageBulkDeleteEventArgs.cpp" />
    <ClCompile Include="Src\Message\EventArgs\MessageReactionAddEventArgs.cpp" />
    <ClCompile Include="Src\Message\EventArgs\Message​Reaction​Remove​Emoji​Event​Args.cpp" />
    <ClCompile Include="Src\Guild\EventArgs\Guild​Ban​Add​Event​Args.cpp" />
    <ClCompile Include="Src\Guild\EventArgs\Guild​Ban​Remove​Event​Args.cpp" />
    <ClCompile Include="Src\Guild\EventArgs\Guild​Create​Event​Args.cpp" />
    <ClCompile Include="Src\Guild\EventArgs\Guild​Delete​Event​Args.cpp" />
    <ClCompile Include="Src\Guild\EventArgs\Guild​Download​Completed​Event​Args.cpp" />
    <ClCompile Include="Src\Guild\EventArgs\Guild​Emojis​Update​Event​Args.cpp" />
    <ClCompile Include="Src\Guild\EventArgs\Guild​Integrations​Update​Event​Args.cpp" />
    <ClCompile Include="Src\Guild\EventArgs\Guild​Member​Add​Event​Args.cpp" />
    <ClCompile Include="Src\Guild\EventArgs\Guild​Member​Remove​Event​Args.cpp" />
    <ClCompile Include="Src\Guild\EventArgs\Guild​Member​Update​Event​Args.cpp" />
    <ClCompile Include="Src\Guild\EventArgs\Guild​Role​Create​Event​Args.cpp" />
    <ClCompile Include="Src\Guild\EventArgs\Guild​Role​Delete​Event​Args.cpp" />
    <ClCompile Include="Src\Guild\EventArgs\Guild​Role​Update​Event​Args.cpp" />
    <ClCompile Include="Src\Guild\EventArgs\Guild​Update​Event​Args.cpp" />
    <ClCompile Include="Src\Channel\EventArgs\Channel​Create​Event​Args.cpp" />
    <ClCompile Include="Src\Channel\EventArgs\Channel​Delete​Event​Args.cpp" />
    <ClCompile Include="Src\Channel\EventArgs\Channel​Pins​Update​Event​Args.cpp" />
    <ClCompile Include="Src\Channel\EventArgs\Channel​Update​Event​Args.cpp" />
    <ClCompile Include="Src\Channel\Channel.cpp" />
    <ClCompile Include="Src\Guild\Guild.cpp" />
    <ClCompile Include="Src\Message\EventArgs\Message​Update​Event​Args.cpp" />
  </ItemGroup>
  <ItemGroup>
    <Filter Include="Include">
      <UniqueIdentifier>{2fe0aa69-6254-4158-93c7-2c54d38275be}</UniqueIdentifier>
    </Filter>
    <Filter Include="Source">
      <UniqueIdentifier>{72584b18-cd86-45ff-8add-a6cd87e88be9}</UniqueIdentifier>
    </Filter>
  </ItemGroup>
  <ItemGroup>
    <ClInclude Include="Include\Discord.h">
      <Filter>Include</Filter>
    </ClInclude>
    <ClInclude Include="Include\Log.h">
      <Filter>Include</Filter>
    </ClInclude>
    <ClInclude Include="Include\Globals.h">
      <Filter>Include</Filter>
    </ClInclude>
    <ClInclude Include="vendor\nlohmann\json.hpp" />
    <ClInclude Include="Include\Message\Message.h" />
    <ClInclude Include="Include\Snowflake.h" />
    <ClInclude Include="Include\Message\EventArgs\MessageCreateEventArgs.h" />
    <ClInclude Include="Include\Message\EventArgs\MessageDeleteEventArgs.h" />
    <ClInclude Include="Include\Message\EventArgs\MessageBulkDeleteEventArgs.h" />
    <ClInclude Include="Include\Message\EventArgs\MessageReactionAddEventArgs.h" />
    <ClInclude Include="Include\Message\EventArgs\Message​Reaction​Remove​Emoji​Event​Args.h" />
    <ClInclude Include="Include\Guild\EventArgs\Guild​Ban​Add​Event​Args.h" />
    <ClInclude Include="Include\Guild\EventArgs\Guild​Ban​Remove​Event​Args.h" />
    <ClInclude Include="Include\Guild\EventArgs\Guild​Create​Event​Args.h" />
    <ClInclude Include="Include\Guild\EventArgs\Guild​Delete​Event​Args.h" />
    <ClInclude Include="Include\Guild\EventArgs\Guild​Download​Completed​Event​Args.h" />
    <ClInclude Include="Include\Guild\EventArgs\Guild​Emojis​Update​Event​Args.h" />
    <ClInclude Include="Include\Guild\EventArgs\Guild​Integrations​Update​Event​Args.h" />
    <ClInclude Include="Include\Guild\EventArgs\Guild​Member​Add​Event​Args.h" />
    <ClInclude Include="Include\Guild\EventArgs\Guild​Member​Remove​Event​Args.h" />
    <ClInclude Include="Include\Guild\EventArgs\Guild​Member​Update​Event​Args.h" />
    <ClInclude Include="Include\Guild\EventArgs\Guild​Role​Create​Event​Args.h" />
    <ClInclude Include="Include\Guild\EventArgs\Guild​Role​Delete​Event​Args.h" />
    <ClInclude Include="Include\Guild\EventArgs\Guild​Role​Update​Event​Args.h" />
    <ClInclude Include="Include\Guild\EventArgs\Guild​Update​Event​Args.h" />
    <ClInclude Include="Include\Channel\EventArgs\Channel​Create​Event​Args.h" />
    <ClInclude Include="Include\Channel\EventArgs\Channel​Delete​Event​Args.h" />
    <ClInclude Include="Include\Channel\EventArgs\Channel​Pins​Update​Event​Args.h" />
    <ClInclude Include="Include\Channel\EventArgs\Channel​Update​Event​Args.h" />
    <ClInclude Include="Include\Library.h" />
    <ClInclude Include="Include\Channel\Channel.h" />
    <ClInclude Include="Include\Guild\Guild.h" />
    <ClInclude Include="Include\Message\EventArgs\Message​Update​Event​Args.h" />
  </ItemGroup>
</Project>