<?xml version="1.0" encoding="utf-8"?>
<Project ToolsVersion="4.0" xmlns="http://schemas.microsoft.com/developer/msbuild/2003">
  <ItemGroup>
    <None Include="packages.config" />
  </ItemGroup>
  <ItemGroup>
    <ClCompile Include="main.cpp" />
    <ClCompile Include="Src\Discord.cpp">
      <Filter>Source</Filter>
    </ClCompile>
    <ClCompile Include="Src\Log.cpp">
      <Filter>Source</Filter>
    </ClCompile>
    <ClCompile Include="Src\Globals.cpp">
      <Filter>Source</Filter>
    </ClCompile>
    <ClCompile Include="Src\DiscordVirtuals.cpp" />
    <ClCompile Include="Src\Guild\Guild.cpp" />
    <ClCompile Include="Src\Channel\EventArgs\ChannelCreateEventArgs.cpp" />
    <ClCompile Include="Src\Channel\EventArgs\ChannelDeleteEventArgs.cpp" />
    <ClCompile Include="Src\Channel\EventArgs\ChannelPinsUpdateEventArgs.cpp" />
    <ClCompile Include="Src\Channel\EventArgs\ChannelUpdateEventArgs.cpp" />
    <ClCompile Include="Src\Channel\Channel.cpp" />
    <ClCompile Include="Src\Guild\EventArgs\GuildBanAddEventArgs.cpp" />
    <ClCompile Include="Src\Guild\EventArgs\GuildBanRemoveEventArgs.cpp" />
    <ClCompile Include="Src\Guild\EventArgs\GuildCreateEventArgs.cpp" />
    <ClCompile Include="Src\Guild\EventArgs\GuildDeleteEventArgs.cpp" />
    <ClCompile Include="Src\Guild\EventArgs\GuildEmojisUpdateEventArgs.cpp" />
    <ClCompile Include="Src\Guild\EventArgs\GuildIntegrationsUpdateEventArgs.cpp" />
    <ClCompile Include="Src\Guild\EventArgs\GuildMemberAddEventArgs.cpp" />
    <ClCompile Include="Src\Guild\EventArgs\GuildMemberRemoveEventArgs.cpp" />
    <ClCompile Include="Src\Guild\EventArgs\GuildMemberUpdateEventArgs.cpp" />
    <ClCompile Include="Src\Guild\EventArgs\GuildRoleCreateEventArgs.cpp" />
    <ClCompile Include="Src\Guild\EventArgs\GuildRoleDeleteEventArgs.cpp" />
    <ClCompile Include="Src\Guild\EventArgs\GuildRoleUpdateEventArgs.cpp" />
    <ClCompile Include="Src\Guild\EventArgs\GuildUpdateEventArgs.cpp" />
    <ClCompile Include="Src\Message\EventArgs\MessageBulkDeleteEventArgs.cpp" />
    <ClCompile Include="Src\Message\EventArgs\MessageCreateEventArgs.cpp" />
    <ClCompile Include="Src\Message\EventArgs\MessageDeleteEventArgs.cpp" />
    <ClCompile Include="Src\Message\EventArgs\MessageReactionAddEventArgs.cpp" />
    <ClCompile Include="Src\Message\EventArgs\MessageReactionRemoveEmojiEventArgs.cpp" />
    <ClCompile Include="Src\Message\EventArgs\MessageReactionRemoveEventArgs.cpp" />
    <ClCompile Include="Src\Message\EventArgs\MessageReactionsClearEventArgs.cpp" />
    <ClCompile Include="Src\Message\EventArgs\MessageUpdateEventArgs.cpp" />
    <ClCompile Include="Src\Message\Message.cpp" />
    <ClCompile Include="Src\Emoji\Emoji.cpp" />
    <ClCompile Include="Src\Emoji\EventArgs\EmojiEventArgs.cpp" />
    <ClCompile Include="Src\Embed\Embed.cpp" />
    <ClCompile Include="Src\User\User.cpp" />
    <ClCompile Include="Src\Embed\EmbedFooter.cpp" />
    <ClCompile Include="Src\Embed\EmbedImage.cpp" />
    <ClCompile Include="Src\Embed\EmbedThumbnail.cpp" />
    <ClCompile Include="Src\Embed\EmbedVideo.cpp" />
    <ClCompile Include="Src\Embed\EmbedProvider.cpp" />
    <ClCompile Include="Src\Embed\EmbedAuthor.cpp" />
    <ClCompile Include="Src\Member\Member.cpp" />
  </ItemGroup>
  <ItemGroup>
    <Filter Include="Include">
      <UniqueIdentifier>{2fe0aa69-6254-4158-93c7-2c54d38275be}</UniqueIdentifier>
    </Filter>
    <Filter Include="Source">
      <UniqueIdentifier>{72584b18-cd86-45ff-8add-a6cd87e88be9}</UniqueIdentifier>
    </Filter>
    <Filter Include="NewFilter1">
      <UniqueIdentifier>{ee0b616f-676d-4c4a-adc9-676f44882389}</UniqueIdentifier>
    </Filter>
  </ItemGroup>
  <ItemGroup>
    <ClInclude Include="Include\Discord.h">
      <Filter>Include</Filter>
    </ClInclude>
    <ClInclude Include="Include\Log.h">
      <Filter>Include</Filter>
    </ClInclude>
    <ClInclude Include="Include\Globals.h">
      <Filter>Include</Filter>
    </ClInclude>
    <ClInclude Include="vendor\nlohmann\json.hpp" />
    <ClInclude Include="Include\Snowflake.h" />
    <ClInclude Include="Include\Library.h" />
    <ClInclude Include="Include\Guild\Guild.h" />
    <ClInclude Include="Include\Channel\EventArgs\ChannelCreateEventArgs.h" />
    <ClInclude Include="Include\Channel\EventArgs\ChannelDeleteEventArgs.h" />
    <ClInclude Include="Include\Channel\EventArgs\ChannelPinsUpdateEventArgs.h" />
    <ClInclude Include="Include\Channel\EventArgs\ChannelUpdateEventArgs.h" />
    <ClInclude Include="Include\Channel\Channel.h" />
    <ClInclude Include="Include\Guild\EventArgs\GuildBanAddEventArgs.h" />
    <ClInclude Include="Include\Guild\EventArgs\GuildBanRemoveEventArgs.h" />
    <ClInclude Include="Include\Guild\EventArgs\GuildCreateEventArgs.h" />
    <ClInclude Include="Include\Guild\EventArgs\GuildDeleteEventArgs.h" />
    <ClInclude Include="Include\Guild\EventArgs\GuildEmojisUpdateEventArgs.h" />
    <ClInclude Include="Include\Guild\EventArgs\GuildIntegrationsUpdateEventArgs.h" />
    <ClInclude Include="Include\Guild\EventArgs\GuildMemberAddEventArgs.h" />
    <ClInclude Include="Include\Guild\EventArgs\GuildMemberRemoveEventArgs.h" />
    <ClInclude Include="Include\Guild\EventArgs\GuildMemberUpdateEventArgs.h" />
    <ClInclude Include="Include\Guild\EventArgs\GuildRoleCreateEventArgs.h" />
    <ClInclude Include="Include\Guild\EventArgs\GuildRoleDeleteEventArgs.h" />
    <ClInclude Include="Include\Guild\EventArgs\GuildRoleUpdateEventArgs.h" />
    <ClInclude Include="Include\Guild\EventArgs\GuildUpdateEventArgs.h" />
    <ClInclude Include="Include\Message\EventArgs\MessageBulkDeleteEventArgs.h" />
    <ClInclude Include="Include\Message\EventArgs\MessageCreateEventArgs.h" />
    <ClInclude Include="Include\Message\EventArgs\MessageDeleteEventArgs.h" />
    <ClInclude Include="Include\Message\EventArgs\MessageReactionAddEventArgs.h" />
    <ClInclude Include="Include\Message\EventArgs\MessageReactionRemoveEmojiEventArgs.h" />
    <ClInclude Include="Include\Message\EventArgs\MessageReactionRemoveEventArgs.h" />
    <ClInclude Include="Include\Message\EventArgs\MessageReactionsClearEventArgs.h" />
    <ClInclude Include="Include\Message\EventArgs\MessageUpdateEventArgs.h" />
    <ClInclude Include="Include\Message\Message.h" />
    <ClInclude Include="Include\Emoji\Emoji.h" />
    <ClInclude Include="Include\Emoji\EventArgs\EmojiEventArgs.h" />
    <ClInclude Include="Include\Embed\Embed.h" />
    <ClInclude Include="Include\User\User.h" />
    <ClInclude Include="Include\Embed\EmbedFooter.h" />
    <ClInclude Include="Include\Embed\EmbedImage.h" />
    <ClInclude Include="Include\Embed\EmbedThumbnail.h" />
    <ClInclude Include="Include\Embed\EmbedVideo.h" />
    <ClInclude Include="Include\Embed\EmbedProvider.h" />
    <ClInclude Include="Include\Embed\EmbedAuthor.h" />
    <ClInclude Include="Include\Member\Member.h" />
  </ItemGroup>
</Project>